// !$*UTF8*$!
{
	archiveVersion = 1;
	classes = {
	};
	objectVersion = 56;
	objects = {

/* Begin PBXBuildFile section */
		3D4254C24C482C84B36AC758 /* Pods_HelloLookIn.framework in Frameworks */ = {isa = PBXBuildFile; fileRef = 3D31D2EEB99B47462A0BD2BB /* Pods_HelloLookIn.framework */; };
		5088F6E0B2A083D725DC4A1E /* Pods_HelloLookIn_HelloLookInUITests.framework in Frameworks */ = {isa = PBXBuildFile; fileRef = 79623DD02392E9BB3A7087CB /* Pods_HelloLookIn_HelloLookInUITests.framework */; };
		52B6D3B72A2CF72C006C6530 /* AppDelegate.swift in Sources */ = {isa = PBXBuildFile; fileRef = 52B6D3B62A2CF72C006C6530 /* AppDelegate.swift */; };
		52B6D3B92A2CF72C006C6530 /* SceneDelegate.swift in Sources */ = {isa = PBXBuildFile; fileRef = 52B6D3B82A2CF72C006C6530 /* SceneDelegate.swift */; };
		52B6D3BB2A2CF72C006C6530 /* ViewController.swift in Sources */ = {isa = PBXBuildFile; fileRef = 52B6D3BA2A2CF72C006C6530 /* ViewController.swift */; };
		52B6D3BE2A2CF72C006C6530 /* Main.storyboard in Resources */ = {isa = PBXBuildFile; fileRef = 52B6D3BC2A2CF72C006C6530 /* Main.storyboard */; };
		52B6D3C02A2CF72E006C6530 /* Assets.xcassets in Resources */ = {isa = PBXBuildFile; fileRef = 52B6D3BF2A2CF72E006C6530 /* Assets.xcassets */; };
		52B6D3C32A2CF72E006C6530 /* LaunchScreen.storyboard in Resources */ = {isa = PBXBuildFile; fileRef = 52B6D3C12A2CF72E006C6530 /* LaunchScreen.storyboard */; };
		52B6D3CE2A2CF72F006C6530 /* HelloLookInTests.swift in Sources */ = {isa = PBXBuildFile; fileRef = 52B6D3CD2A2CF72F006C6530 /* HelloLookInTests.swift */; };
		52B6D3D82A2CF72F006C6530 /* HelloLookInUITests.swift in Sources */ = {isa = PBXBuildFile; fileRef = 52B6D3D72A2CF72F006C6530 /* HelloLookInUITests.swift */; };
		52B6D3DA2A2CF72F006C6530 /* HelloLookInUITestsLaunchTests.swift in Sources */ = {isa = PBXBuildFile; fileRef = 52B6D3D92A2CF72F006C6530 /* HelloLookInUITestsLaunchTests.swift */; };
		55DC5E75CE17D8C133FCF089 /* Pods_HelloLookInTests.framework in Frameworks */ = {isa = PBXBuildFile; fileRef = BA94352AE5CAE0AC97B81DA8 /* Pods_HelloLookInTests.framework */; };
/* End PBXBuildFile section */

/* Begin PBXContainerItemProxy section */
		52B6D3CA2A2CF72F006C6530 /* PBXContainerItemProxy */ = {
			isa = PBXContainerItemProxy;
			containerPortal = 52B6D3AB2A2CF72C006C6530 /* Project object */;
			proxyType = 1;
			remoteGlobalIDString = 52B6D3B22A2CF72C006C6530;
			remoteInfo = HelloLookIn;
		};
		52B6D3D42A2CF72F006C6530 /* PBXContainerItemProxy */ = {
			isa = PBXContainerItemProxy;
			containerPortal = 52B6D3AB2A2CF72C006C6530 /* Project object */;
			proxyType = 1;
			remoteGlobalIDString = 52B6D3B22A2CF72C006C6530;
			remoteInfo = HelloLookIn;
		};
/* End PBXContainerItemProxy section */

/* Begin PBXFileReference section */
		15BD59FCA6EDA7ED68262593 /* Pods-HelloLookIn.release.xcconfig */ = {isa = PBXFileReference; includeInIndex = 1; lastKnownFileType = text.xcconfig; name = "Pods-HelloLookIn.release.xcconfig"; path = "Target Support Files/Pods-HelloLookIn/Pods-HelloLookIn.release.xcconfig"; sourceTree = "<group>"; };
		362DCCA639F51DC48880B487 /* Pods-HelloLookIn-HelloLookInUITests.debug.xcconfig */ = {isa = PBXFileReference; includeInIndex = 1; lastKnownFileType = text.xcconfig; name = "Pods-HelloLookIn-HelloLookInUITests.debug.xcconfig"; path = "Target Support Files/Pods-HelloLookIn-HelloLookInUITests/Pods-HelloLookIn-HelloLookInUITests.debug.xcconfig"; sourceTree = "<group>"; };
		38E672115E983DCDBB72C993 /* Pods-HelloLookIn-HelloLookInUITests.release.xcconfig */ = {isa = PBXFileReference; includeInIndex = 1; lastKnownFileType = text.xcconfig; name = "Pods-HelloLookIn-HelloLookInUITests.release.xcconfig"; path = "Target Support Files/Pods-HelloLookIn-HelloLookInUITests/Pods-HelloLookIn-HelloLookInUITests.release.xcconfig"; sourceTree = "<group>"; };
		3D31D2EEB99B47462A0BD2BB /* Pods_HelloLookIn.framework */ = {isa = PBXFileReference; explicitFileType = wrapper.framework; includeInIndex = 0; path = Pods_HelloLookIn.framework; sourceTree = BUILT_PRODUCTS_DIR; };
		52B6D3B32A2CF72C006C6530 /* HelloLookIn.app */ = {isa = PBXFileReference; explicitFileType = wrapper.application; includeInIndex = 0; path = HelloLookIn.app; sourceTree = BUILT_PRODUCTS_DIR; };
		52B6D3B62A2CF72C006C6530 /* AppDelegate.swift */ = {isa = PBXFileReference; lastKnownFileType = sourcecode.swift; path = AppDelegate.swift; sourceTree = "<group>"; };
		52B6D3B82A2CF72C006C6530 /* SceneDelegate.swift */ = {isa = PBXFileReference; lastKnownFileType = sourcecode.swift; path = SceneDelegate.swift; sourceTree = "<group>"; };
		52B6D3BA2A2CF72C006C6530 /* ViewController.swift */ = {isa = PBXFileReference; lastKnownFileType = sourcecode.swift; path = ViewController.swift; sourceTree = "<group>"; };
		52B6D3BD2A2CF72C006C6530 /* Base */ = {isa = PBXFileReference; lastKnownFileType = file.storyboard; name = Base; path = Base.lproj/Main.storyboard; sourceTree = "<group>"; };
		52B6D3BF2A2CF72E006C6530 /* Assets.xcassets */ = {isa = PBXFileReference; lastKnownFileType = folder.assetcatalog; path = Assets.xcassets; sourceTree = "<group>"; };
		52B6D3C22A2CF72E006C6530 /* Base */ = {isa = PBXFileReference; lastKnownFileType = file.storyboard; name = Base; path = Base.lproj/LaunchScreen.storyboard; sourceTree = "<group>"; };
		52B6D3C42A2CF72E006C6530 /* Info.plist */ = {isa = PBXFileReference; lastKnownFileType = text.plist.xml; path = Info.plist; sourceTree = "<group>"; };
		52B6D3C92A2CF72F006C6530 /* HelloLookInTests.xctest */ = {isa = PBXFileReference; explicitFileType = wrapper.cfbundle; includeInIndex = 0; path = HelloLookInTests.xctest; sourceTree = BUILT_PRODUCTS_DIR; };
		52B6D3CD2A2CF72F006C6530 /* HelloLookInTests.swift */ = {isa = PBXFileReference; lastKnownFileType = sourcecode.swift; path = HelloLookInTests.swift; sourceTree = "<group>"; };
		52B6D3D32A2CF72F006C6530 /* HelloLookInUITests.xctest */ = {isa = PBXFileReference; explicitFileType = wrapper.cfbundle; includeInIndex = 0; path = HelloLookInUITests.xctest; sourceTree = BUILT_PRODUCTS_DIR; };
		52B6D3D72A2CF72F006C6530 /* HelloLookInUITests.swift */ = {isa = PBXFileReference; lastKnownFileType = sourcecode.swift; path = HelloLookInUITests.swift; sourceTree = "<group>"; };
		52B6D3D92A2CF72F006C6530 /* HelloLookInUITestsLaunchTests.swift */ = {isa = PBXFileReference; lastKnownFileType = sourcecode.swift; path = HelloLookInUITestsLaunchTests.swift; sourceTree = "<group>"; };
		79623DD02392E9BB3A7087CB /* Pods_HelloLookIn_HelloLookInUITests.framework */ = {isa = PBXFileReference; explicitFileType = wrapper.framework; includeInIndex = 0; path = Pods_HelloLookIn_HelloLookInUITests.framework; sourceTree = BUILT_PRODUCTS_DIR; };
		8F9C04590B5C4EE945C792E4 /* Pods-HelloLookInTests.debug.xcconfig */ = {isa = PBXFileReference; includeInIndex = 1; lastKnownFileType = text.xcconfig; name = "Pods-HelloLookInTests.debug.xcconfig"; path = "Target Support Files/Pods-HelloLookInTests/Pods-HelloLookInTests.debug.xcconfig"; sourceTree = "<group>"; };
		B5F216B74C64738506D09DA1 /* Pods-HelloLookIn.debug.xcconfig */ = {isa = PBXFileReference; includeInIndex = 1; lastKnownFileType = text.xcconfig; name = "Pods-HelloLookIn.debug.xcconfig"; path = "Target Support Files/Pods-HelloLookIn/Pods-HelloLookIn.debug.xcconfig"; sourceTree = "<group>"; };
		BA94352AE5CAE0AC97B81DA8 /* Pods_HelloLookInTests.framework */ = {isa = PBXFileReference; explicitFileType = wrapper.framework; includeInIndex = 0; path = Pods_HelloLookInTests.framework; sourceTree = BUILT_PRODUCTS_DIR; };
		CD7017230DC4A31BF2AF8F55 /* Pods-HelloLookInTests.release.xcconfig */ = {isa = PBXFileReference; includeInIndex = 1; lastKnownFileType = text.xcconfig; name = "Pods-HelloLookInTests.release.xcconfig"; path = "Target Support Files/Pods-HelloLookInTests/Pods-HelloLookInTests.release.xcconfig"; sourceTree = "<group>"; };
/* End PBXFileReference section */

/* Begin PBXFrameworksBuildPhase section */
		52B6D3B02A2CF72C006C6530 /* Frameworks */ = {
			isa = PBXFrameworksBuildPhase;
			buildActionMask = 2147483647;
			files = (
				3D4254C24C482C84B36AC758 /* Pods_HelloLookIn.framework in Frameworks */,
			);
			runOnlyForDeploymentPostprocessing = 0;
		};
		52B6D3C62A2CF72F006C6530 /* Frameworks */ = {
			isa = PBXFrameworksBuildPhase;
			buildActionMask = 2147483647;
			files = (
				55DC5E75CE17D8C133FCF089 /* Pods_HelloLookInTests.framework in Frameworks */,
			);
			runOnlyForDeploymentPostprocessing = 0;
		};
		52B6D3D02A2CF72F006C6530 /* Frameworks */ = {
			isa = PBXFrameworksBuildPhase;
			buildActionMask = 2147483647;
			files = (
				5088F6E0B2A083D725DC4A1E /* Pods_HelloLookIn_HelloLookInUITests.framework in Frameworks */,
			);
			runOnlyForDeploymentPostprocessing = 0;
		};
/* End PBXFrameworksBuildPhase section */

/* Begin PBXGroup section */
		52B6D3AA2A2CF72C006C6530 = {
			isa = PBXGroup;
			children = (
				52B6D3B52A2CF72C006C6530 /* HelloLookIn */,
				52B6D3CC2A2CF72F006C6530 /* HelloLookInTests */,
				52B6D3D62A2CF72F006C6530 /* HelloLookInUITests */,
				52B6D3B42A2CF72C006C6530 /* Products */,
				EACB5E37539B5978EA2EDDD6 /* Pods */,
				ED46EA7E19EFFD6473DA8186 /* Frameworks */,
			);
			sourceTree = "<group>";
		};
		52B6D3B42A2CF72C006C6530 /* Products */ = {
			isa = PBXGroup;
			children = (
				52B6D3B32A2CF72C006C6530 /* HelloLookIn.app */,
				52B6D3C92A2CF72F006C6530 /* HelloLookInTests.xctest */,
				52B6D3D32A2CF72F006C6530 /* HelloLookInUITests.xctest */,
			);
			name = Products;
			sourceTree = "<group>";
		};
		52B6D3B52A2CF72C006C6530 /* HelloLookIn */ = {
			isa = PBXGroup;
			children = (
				52B6D3B62A2CF72C006C6530 /* AppDelegate.swift */,
				52B6D3B82A2CF72C006C6530 /* SceneDelegate.swift */,
				52B6D3BA2A2CF72C006C6530 /* ViewController.swift */,
				52B6D3BC2A2CF72C006C6530 /* Main.storyboard */,
				52B6D3BF2A2CF72E006C6530 /* Assets.xcassets */,
				52B6D3C12A2CF72E006C6530 /* LaunchScreen.storyboard */,
				52B6D3C42A2CF72E006C6530 /* Info.plist */,
			);
			path = HelloLookIn;
			sourceTree = "<group>";
		};
		52B6D3CC2A2CF72F006C6530 /* HelloLookInTests */ = {
			isa = PBXGroup;
			children = (
				52B6D3CD2A2CF72F006C6530 /* HelloLookInTests.swift */,
			);
			path = HelloLookInTests;
			sourceTree = "<group>";
		};
		52B6D3D62A2CF72F006C6530 /* HelloLookInUITests */ = {
			isa = PBXGroup;
			children = (
				52B6D3D72A2CF72F006C6530 /* HelloLookInUITests.swift */,
				52B6D3D92A2CF72F006C6530 /* HelloLookInUITestsLaunchTests.swift */,
			);
			path = HelloLookInUITests;
			sourceTree = "<group>";
		};
		EACB5E37539B5978EA2EDDD6 /* Pods */ = {
			isa = PBXGroup;
			children = (
				B5F216B74C64738506D09DA1 /* Pods-HelloLookIn.debug.xcconfig */,
				15BD59FCA6EDA7ED68262593 /* Pods-HelloLookIn.release.xcconfig */,
				362DCCA639F51DC48880B487 /* Pods-HelloLookIn-HelloLookInUITests.debug.xcconfig */,
				38E672115E983DCDBB72C993 /* Pods-HelloLookIn-HelloLookInUITests.release.xcconfig */,
				8F9C04590B5C4EE945C792E4 /* Pods-HelloLookInTests.debug.xcconfig */,
				CD7017230DC4A31BF2AF8F55 /* Pods-HelloLookInTests.release.xcconfig */,
			);
			name = Pods;
			path = Pods;
			sourceTree = "<group>";
		};
		ED46EA7E19EFFD6473DA8186 /* Frameworks */ = {
			isa = PBXGroup;
			children = (
				3D31D2EEB99B47462A0BD2BB /* Pods_HelloLookIn.framework */,
				79623DD02392E9BB3A7087CB /* Pods_HelloLookIn_HelloLookInUITests.framework */,
				BA94352AE5CAE0AC97B81DA8 /* Pods_HelloLookInTests.framework */,
			);
			name = Frameworks;
			sourceTree = "<group>";
		};
/* End PBXGroup section */

/* Begin PBXNativeTarget section */
		52B6D3B22A2CF72C006C6530 /* HelloLookIn */ = {
			isa = PBXNativeTarget;
			buildConfigurationList = 52B6D3DD2A2CF72F006C6530 /* Build configuration list for PBXNativeTarget "HelloLookIn" */;
			buildPhases = (
				7CFCC33C2BB4B5D132B5A5B5 /* [CP] Check Pods Manifest.lock */,
				52B6D3AF2A2CF72C006C6530 /* Sources */,
				52B6D3B02A2CF72C006C6530 /* Frameworks */,
				52B6D3B12A2CF72C006C6530 /* Resources */,
				9FCC04F1D17F9ED560F22639 /* [CP] Embed Pods Frameworks */,
			);
			buildRules = (
			);
			dependencies = (
			);
			name = HelloLookIn;
			productName = HelloLookIn;
			productReference = 52B6D3B32A2CF72C006C6530 /* HelloLookIn.app */;
			productType = "com.apple.product-type.application";
		};
		52B6D3C82A2CF72F006C6530 /* HelloLookInTests */ = {
			isa = PBXNativeTarget;
			buildConfigurationList = 52B6D3E02A2CF72F006C6530 /* Build configuration list for PBXNativeTarget "HelloLookInTests" */;
			buildPhases = (
				27980B9AB841BED4B83B722C /* [CP] Check Pods Manifest.lock */,
				52B6D3C52A2CF72F006C6530 /* Sources */,
				52B6D3C62A2CF72F006C6530 /* Frameworks */,
				52B6D3C72A2CF72F006C6530 /* Resources */,
			);
			buildRules = (
			);
			dependencies = (
				52B6D3CB2A2CF72F006C6530 /* PBXTargetDependency */,
			);
			name = HelloLookInTests;
			productName = HelloLookInTests;
			productReference = 52B6D3C92A2CF72F006C6530 /* HelloLookInTests.xctest */;
			productType = "com.apple.product-type.bundle.unit-test";
		};
		52B6D3D22A2CF72F006C6530 /* HelloLookInUITests */ = {
			isa = PBXNativeTarget;
			buildConfigurationList = 52B6D3E32A2CF72F006C6530 /* Build configuration list for PBXNativeTarget "HelloLookInUITests" */;
			buildPhases = (
				86C89CBE3214082B03541DA7 /* [CP] Check Pods Manifest.lock */,
				52B6D3CF2A2CF72F006C6530 /* Sources */,
				52B6D3D02A2CF72F006C6530 /* Frameworks */,
				52B6D3D12A2CF72F006C6530 /* Resources */,
				0657FB6C707857638F35A7DF /* [CP] Embed Pods Frameworks */,
			);
			buildRules = (
			);
			dependencies = (
				52B6D3D52A2CF72F006C6530 /* PBXTargetDependency */,
			);
			name = HelloLookInUITests;
			productName = HelloLookInUITests;
			productReference = 52B6D3D32A2CF72F006C6530 /* HelloLookInUITests.xctest */;
			productType = "com.apple.product-type.bundle.ui-testing";
		};
/* End PBXNativeTarget section */

/* Begin PBXProject section */
		52B6D3AB2A2CF72C006C6530 /* Project object */ = {
			isa = PBXProject;
			attributes = {
				BuildIndependentTargetsInParallel = 1;
				LastSwiftUpdateCheck = 1430;
				LastUpgradeCheck = 1430;
				TargetAttributes = {
					52B6D3B22A2CF72C006C6530 = {
						CreatedOnToolsVersion = 14.3;
					};
					52B6D3C82A2CF72F006C6530 = {
						CreatedOnToolsVersion = 14.3;
						TestTargetID = 52B6D3B22A2CF72C006C6530;
					};
					52B6D3D22A2CF72F006C6530 = {
						CreatedOnToolsVersion = 14.3;
						TestTargetID = 52B6D3B22A2CF72C006C6530;
					};
				};
			};
			buildConfigurationList = 52B6D3AE2A2CF72C006C6530 /* Build configuration list for PBXProject "HelloLookIn" */;
			compatibilityVersion = "Xcode 14.0";
			developmentRegion = en;
			hasScannedForEncodings = 0;
			knownRegions = (
				en,
				Base,
			);
			mainGroup = 52B6D3AA2A2CF72C006C6530;
			productRefGroup = 52B6D3B42A2CF72C006C6530 /* Products */;
			projectDirPath = "";
			projectRoot = "";
			targets = (
				52B6D3B22A2CF72C006C6530 /* HelloLookIn */,
				52B6D3C82A2CF72F006C6530 /* HelloLookInTests */,
				52B6D3D22A2CF72F006C6530 /* HelloLookInUITests */,
			);
		};
/* End PBXProject section */

/* Begin PBXResourcesBuildPhase section */
		52B6D3B12A2CF72C006C6530 /* Resources */ = {
			isa = PBXResourcesBuildPhase;
			buildActionMask = 2147483647;
			files = (
				52B6D3C32A2CF72E006C6530 /* LaunchScreen.storyboard in Resources */,
				52B6D3C02A2CF72E006C6530 /* Assets.xcassets in Resources */,
				52B6D3BE2A2CF72C006C6530 /* Main.storyboard in Resources */,
			);
			runOnlyForDeploymentPostprocessing = 0;
		};
		52B6D3C72A2CF72F006C6530 /* Resources */ = {
			isa = PBXResourcesBuildPhase;
			buildActionMask = 2147483647;
			files = (
			);
			runOnlyForDeploymentPostprocessing = 0;
		};
		52B6D3D12A2CF72F006C6530 /* Resources */ = {
			isa = PBXResourcesBuildPhase;
			buildActionMask = 2147483647;
			files = (
			);
			runOnlyForDeploymentPostprocessing = 0;
		};
/* End PBXResourcesBuildPhase section */

/* Begin PBXShellScriptBuildPhase section */
		0657FB6C707857638F35A7DF /* [CP] Embed Pods Frameworks */ = {
			isa = PBXShellScriptBuildPhase;
			buildActionMask = 2147483647;
			files = (
			);
			inputFileListPaths = (
				"${PODS_ROOT}/Target Support Files/Pods-HelloLookIn-HelloLookInUITests/Pods-HelloLookIn-HelloLookInUITests-frameworks-${CONFIGURATION}-input-files.xcfilelist",
			);
			name = "[CP] Embed Pods Frameworks";
			outputFileListPaths = (
				"${PODS_ROOT}/Target Support Files/Pods-HelloLookIn-HelloLookInUITests/Pods-HelloLookIn-HelloLookInUITests-frameworks-${CONFIGURATION}-output-files.xcfilelist",
			);
			runOnlyForDeploymentPostprocessing = 0;
			shellPath = /bin/sh;
			shellScript = "\"${PODS_ROOT}/Target Support Files/Pods-HelloLookIn-HelloLookInUITests/Pods-HelloLookIn-HelloLookInUITests-frameworks.sh\"\n";
			showEnvVarsInLog = 0;
		};
		27980B9AB841BED4B83B722C /* [CP] Check Pods Manifest.lock */ = {
			isa = PBXShellScriptBuildPhase;
			buildActionMask = 2147483647;
			files = (
			);
			inputFileListPaths = (
			);
			inputPaths = (
				"${PODS_PODFILE_DIR_PATH}/Podfile.lock",
				"${PODS_ROOT}/Manifest.lock",
			);
			name = "[CP] Check Pods Manifest.lock";
			outputFileListPaths = (
			);
			outputPaths = (
				"$(DERIVED_FILE_DIR)/Pods-HelloLookInTests-checkManifestLockResult.txt",
			);
			runOnlyForDeploymentPostprocessing = 0;
			shellPath = /bin/sh;
			shellScript = "diff \"${PODS_PODFILE_DIR_PATH}/Podfile.lock\" \"${PODS_ROOT}/Manifest.lock\" > /dev/null\nif [ $? != 0 ] ; then\n    # print error to STDERR\n    echo \"error: The sandbox is not in sync with the Podfile.lock. Run 'pod install' or update your CocoaPods installation.\" >&2\n    exit 1\nfi\n# This output is used by Xcode 'outputs' to avoid re-running this script phase.\necho \"SUCCESS\" > \"${SCRIPT_OUTPUT_FILE_0}\"\n";
			showEnvVarsInLog = 0;
		};
		7CFCC33C2BB4B5D132B5A5B5 /* [CP] Check Pods Manifest.lock */ = {
			isa = PBXShellScriptBuildPhase;
			buildActionMask = 2147483647;
			files = (
			);
			inputFileListPaths = (
			);
			inputPaths = (
				"${PODS_PODFILE_DIR_PATH}/Podfile.lock",
				"${PODS_ROOT}/Manifest.lock",
			);
			name = "[CP] Check Pods Manifest.lock";
			outputFileListPaths = (
			);
			outputPaths = (
				"$(DERIVED_FILE_DIR)/Pods-HelloLookIn-checkManifestLockResult.txt",
			);
			runOnlyForDeploymentPostprocessing = 0;
			shellPath = /bin/sh;
			shellScript = "diff \"${PODS_PODFILE_DIR_PATH}/Podfile.lock\" \"${PODS_ROOT}/Manifest.lock\" > /dev/null\nif [ $? != 0 ] ; then\n    # print error to STDERR\n    echo \"error: The sandbox is not in sync with the Podfile.lock. Run 'pod install' or update your CocoaPods installation.\" >&2\n    exit 1\nfi\n# This output is used by Xcode 'outputs' to avoid re-running this script phase.\necho \"SUCCESS\" > \"${SCRIPT_OUTPUT_FILE_0}\"\n";
			showEnvVarsInLog = 0;
		};
		86C89CBE3214082B03541DA7 /* [CP] Check Pods Manifest.lock */ = {
			isa = PBXShellScriptBuildPhase;
			buildActionMask = 2147483647;
			files = (
			);
			inputFileListPaths = (
			);
			inputPaths = (
				"${PODS_PODFILE_DIR_PATH}/Podfile.lock",
				"${PODS_ROOT}/Manifest.lock",
			);
			name = "[CP] Check Pods Manifest.lock";
			outputFileListPaths = (
			);
			outputPaths = (
				"$(DERIVED_FILE_DIR)/Pods-HelloLookIn-HelloLookInUITests-checkManifestLockResult.txt",
			);
			runOnlyForDeploymentPostprocessing = 0;
			shellPath = /bin/sh;
			shellScript = "diff \"${PODS_PODFILE_DIR_PATH}/Podfile.lock\" \"${PODS_ROOT}/Manifest.lock\" > /dev/null\nif [ $? != 0 ] ; then\n    # print error to STDERR\n    echo \"error: The sandbox is not in sync with the Podfile.lock. Run 'pod install' or update your CocoaPods installation.\" >&2\n    exit 1\nfi\n# This output is used by Xcode 'outputs' to avoid re-running this script phase.\necho \"SUCCESS\" > \"${SCRIPT_OUTPUT_FILE_0}\"\n";
			showEnvVarsInLog = 0;
		};
		9FCC04F1D17F9ED560F22639 /* [CP] Embed Pods Frameworks */ = {
			isa = PBXShellScriptBuildPhase;
			buildActionMask = 2147483647;
			files = (
			);
			inputFileListPaths = (
				"${PODS_ROOT}/Target Support Files/Pods-HelloLookIn/Pods-HelloLookIn-frameworks-${CONFIGURATION}-input-files.xcfilelist",
			);
			name = "[CP] Embed Pods Frameworks";
			outputFileListPaths = (
				"${PODS_ROOT}/Target Support Files/Pods-HelloLookIn/Pods-HelloLookIn-frameworks-${CONFIGURATION}-output-files.xcfilelist",
			);
			runOnlyForDeploymentPostprocessing = 0;
			shellPath = /bin/sh;
			shellScript = "\"${PODS_ROOT}/Target Support Files/Pods-HelloLookIn/Pods-HelloLookIn-frameworks.sh\"\n";
			showEnvVarsInLog = 0;
		};
/* End PBXShellScriptBuildPhase section */

/* Begin PBXSourcesBuildPhase section */
		52B6D3AF2A2CF72C006C6530 /* Sources */ = {
			isa = PBXSourcesBuildPhase;
			buildActionMask = 2147483647;
			files = (
				52B6D3BB2A2CF72C006C6530 /* ViewController.swift in Sources */,
				52B6D3B72A2CF72C006C6530 /* AppDelegate.swift in Sources */,
				52B6D3B92A2CF72C006C6530 /* SceneDelegate.swift in Sources */,
			);
			runOnlyForDeploymentPostprocessing = 0;
		};
		52B6D3C52A2CF72F006C6530 /* Sources */ = {
			isa = PBXSourcesBuildPhase;
			buildActionMask = 2147483647;
			files = (
				52B6D3CE2A2CF72F006C6530 /* HelloLookInTests.swift in Sources */,
			);
			runOnlyForDeploymentPostprocessing = 0;
		};
		52B6D3CF2A2CF72F006C6530 /* Sources */ = {
			isa = PBXSourcesBuildPhase;
			buildActionMask = 2147483647;
			files = (
				52B6D3D82A2CF72F006C6530 /* HelloLookInUITests.swift in Sources */,
				52B6D3DA2A2CF72F006C6530 /* HelloLookInUITestsLaunchTests.swift in Sources */,
			);
			runOnlyForDeploymentPostprocessing = 0;
		};
/* End PBXSourcesBuildPhase section */

/* Begin PBXTargetDependency section */
		52B6D3CB2A2CF72F006C6530 /* PBXTargetDependency */ = {
			isa = PBXTargetDependency;
			target = 52B6D3B22A2CF72C006C6530 /* HelloLookIn */;
			targetProxy = 52B6D3CA2A2CF72F006C6530 /* PBXContainerItemProxy */;
		};
		52B6D3D52A2CF72F006C6530 /* PBXTargetDependency */ = {
			isa = PBXTargetDependency;
			target = 52B6D3B22A2CF72C006C6530 /* HelloLookIn */;
			targetProxy = 52B6D3D42A2CF72F006C6530 /* PBXContainerItemProxy */;
		};
/* End PBXTargetDependency section */

/* Begin PBXVariantGroup section */
		52B6D3BC2A2CF72C006C6530 /* Main.storyboard */ = {
			isa = PBXVariantGroup;
			children = (
				52B6D3BD2A2CF72C006C6530 /* Base */,
			);
			name = Main.storyboard;
			sourceTree = "<group>";
		};
		52B6D3C12A2CF72E006C6530 /* LaunchScreen.storyboard */ = {
			isa = PBXVariantGroup;
			children = (
				52B6D3C22A2CF72E006C6530 /* Base */,
			);
			name = LaunchScreen.storyboard;
			sourceTree = "<group>";
		};
/* End PBXVariantGroup section */

/* Begin XCBuildConfiguration section */
		52B6D3DB2A2CF72F006C6530 /* Debug */ = {
			isa = XCBuildConfiguration;
			buildSettings = {
				ALWAYS_SEARCH_USER_PATHS = NO;
				CLANG_ANALYZER_NONNULL = YES;
				CLANG_ANALYZER_NUMBER_OBJECT_CONVERSION = YES_AGGRESSIVE;
				CLANG_CXX_LANGUAGE_STANDARD = "gnu++20";
				CLANG_ENABLE_MODULES = YES;
				CLANG_ENABLE_OBJC_ARC = YES;
				CLANG_ENABLE_OBJC_WEAK = YES;
				CLANG_WARN_BLOCK_CAPTURE_AUTORELEASING = YES;
				CLANG_WARN_BOOL_CONVERSION = YES;
				CLANG_WARN_COMMA = YES;
				CLANG_WARN_CONSTANT_CONVERSION = YES;
				CLANG_WARN_DEPRECATED_OBJC_IMPLEMENTATIONS = YES;
				CLANG_WARN_DIRECT_OBJC_ISA_USAGE = YES_ERROR;
				CLANG_WARN_DOCUMENTATION_COMMENTS = YES;
				CLANG_WARN_EMPTY_BODY = YES;
				CLANG_WARN_ENUM_CONVERSION = YES;
				CLANG_WARN_INFINITE_RECURSION = YES;
				CLANG_WARN_INT_CONVERSION = YES;
				CLANG_WARN_NON_LITERAL_NULL_CONVERSION = YES;
				CLANG_WARN_OBJC_IMPLICIT_RETAIN_SELF = YES;
				CLANG_WARN_OBJC_LITERAL_CONVERSION = YES;
				CLANG_WARN_OBJC_ROOT_CLASS = YES_ERROR;
				CLANG_WARN_QUOTED_INCLUDE_IN_FRAMEWORK_HEADER = YES;
				CLANG_WARN_RANGE_LOOP_ANALYSIS = YES;
				CLANG_WARN_STRICT_PROTOTYPES = YES;
				CLANG_WARN_SUSPICIOUS_MOVE = YES;
				CLANG_WARN_UNGUARDED_AVAILABILITY = YES_AGGRESSIVE;
				CLANG_WARN_UNREACHABLE_CODE = YES;
				CLANG_WARN__DUPLICATE_METHOD_MATCH = YES;
				COPY_PHASE_STRIP = NO;
				DEBUG_INFORMATION_FORMAT = dwarf;
				ENABLE_STRICT_OBJC_MSGSEND = YES;
				ENABLE_TESTABILITY = YES;
				GCC_C_LANGUAGE_STANDARD = gnu11;
				GCC_DYNAMIC_NO_PIC = NO;
				GCC_NO_COMMON_BLOCKS = YES;
				GCC_OPTIMIZATION_LEVEL = 0;
				GCC_PREPROCESSOR_DEFINITIONS = (
					"DEBUG=1",
					"$(inherited)",
				);
				GCC_WARN_64_TO_32_BIT_CONVERSION = YES;
				GCC_WARN_ABOUT_RETURN_TYPE = YES_ERROR;
				GCC_WARN_UNDECLARED_SELECTOR = YES;
				GCC_WARN_UNINITIALIZED_AUTOS = YES_AGGRESSIVE;
				GCC_WARN_UNUSED_FUNCTION = YES;
				GCC_WARN_UNUSED_VARIABLE = YES;
				IPHONEOS_DEPLOYMENT_TARGET = 16.4;
				MTL_ENABLE_DEBUG_INFO = INCLUDE_SOURCE;
				MTL_FAST_MATH = YES;
				ONLY_ACTIVE_ARCH = YES;
				SDKROOT = iphoneos;
				SWIFT_ACTIVE_COMPILATION_CONDITIONS = DEBUG;
				SWIFT_OPTIMIZATION_LEVEL = "-Onone";
			};
			name = Debug;
		};
		52B6D3DC2A2CF72F006C6530 /* Release */ = {
			isa = XCBuildConfiguration;
			buildSettings = {
				ALWAYS_SEARCH_USER_PATHS = NO;
				CLANG_ANALYZER_NONNULL = YES;
				CLANG_ANALYZER_NUMBER_OBJECT_CONVERSION = YES_AGGRESSIVE;
				CLANG_CXX_LANGUAGE_STANDARD = "gnu++20";
				CLANG_ENABLE_MODULES = YES;
				CLANG_ENABLE_OBJC_ARC = YES;
				CLANG_ENABLE_OBJC_WEAK = YES;
				CLANG_WARN_BLOCK_CAPTURE_AUTORELEASING = YES;
				CLANG_WARN_BOOL_CONVERSION = YES;
				CLANG_WARN_COMMA = YES;
				CLANG_WARN_CONSTANT_CONVERSION = YES;
				CLANG_WARN_DEPRECATED_OBJC_IMPLEMENTATIONS = YES;
				CLANG_WARN_DIRECT_OBJC_ISA_USAGE = YES_ERROR;
				CLANG_WARN_DOCUMENTATION_COMMENTS = YES;
				CLANG_WARN_EMPTY_BODY = YES;
				CLANG_WARN_ENUM_CONVERSION = YES;
				CLANG_WARN_INFINITE_RECURSION = YES;
				CLANG_WARN_INT_CONVERSION = YES;
				CLANG_WARN_NON_LITERAL_NULL_CONVERSION = YES;
				CLANG_WARN_OBJC_IMPLICIT_RETAIN_SELF = YES;
				CLANG_WARN_OBJC_LITERAL_CONVERSION = YES;
				CLANG_WARN_OBJC_ROOT_CLASS = YES_ERROR;
				CLANG_WARN_QUOTED_INCLUDE_IN_FRAMEWORK_HEADER = YES;
				CLANG_WARN_RANGE_LOOP_ANALYSIS = YES;
				CLANG_WARN_STRICT_PROTOTYPES = YES;
				CLANG_WARN_SUSPICIOUS_MOVE = YES;
				CLANG_WARN_UNGUARDED_AVAILABILITY = YES_AGGRESSIVE;
				CLANG_WARN_UNREACHABLE_CODE = YES;
				CLANG_WARN__DUPLICATE_METHOD_MATCH = YES;
				COPY_PHASE_STRIP = NO;
				DEBUG_INFORMATION_FORMAT = "dwarf-with-dsym";
				ENABLE_NS_ASSERTIONS = NO;
				ENABLE_STRICT_OBJC_MSGSEND = YES;
				GCC_C_LANGUAGE_STANDARD = gnu11;
				GCC_NO_COMMON_BLOCKS = YES;
				GCC_WARN_64_TO_32_BIT_CONVERSION = YES;
				GCC_WARN_ABOUT_RETURN_TYPE = YES_ERROR;
				GCC_WARN_UNDECLARED_SELECTOR = YES;
				GCC_WARN_UNINITIALIZED_AUTOS = YES_AGGRESSIVE;
				GCC_WARN_UNUSED_FUNCTION = YES;
				GCC_WARN_UNUSED_VARIABLE = YES;
				IPHONEOS_DEPLOYMENT_TARGET = 16.4;
				MTL_ENABLE_DEBUG_INFO = NO;
				MTL_FAST_MATH = YES;
				SDKROOT = iphoneos;
				SWIFT_COMPILATION_MODE = wholemodule;
				SWIFT_OPTIMIZATION_LEVEL = "-O";
				VALIDATE_PRODUCT = YES;
			};
			name = Release;
		};
		52B6D3DE2A2CF72F006C6530 /* Debug */ = {
			isa = XCBuildConfiguration;
			baseConfigurationReference = B5F216B74C64738506D09DA1 /* Pods-HelloLookIn.debug.xcconfig */;
			buildSettings = {
				ASSETCATALOG_COMPILER_APPICON_NAME = AppIcon;
				ASSETCATALOG_COMPILER_GLOBAL_ACCENT_COLOR_NAME = AccentColor;
				CODE_SIGN_STYLE = Automatic;
				CURRENT_PROJECT_VERSION = 1;
				GENERATE_INFOPLIST_FILE = YES;
				INFOPLIST_FILE = HelloLookIn/Info.plist;
				INFOPLIST_KEY_UIApplicationSupportsIndirectInputEvents = YES;
				INFOPLIST_KEY_UILaunchStoryboardName = LaunchScreen;
				INFOPLIST_KEY_UIMainStoryboardFile = Main;
				INFOPLIST_KEY_UISupportedInterfaceOrientations_iPad = "UIInterfaceOrientationPortrait UIInterfaceOrientationPortraitUpsideDown UIInterfaceOrientationLandscapeLeft UIInterfaceOrientationLandscapeRight";
				INFOPLIST_KEY_UISupportedInterfaceOrientations_iPhone = "UIInterfaceOrientationPortrait UIInterfaceOrientationLandscapeLeft UIInterfaceOrientationLandscapeRight";
				LD_RUNPATH_SEARCH_PATHS = (
					"$(inherited)",
					"@executable_path/Frameworks",
				);
				MARKETING_VERSION = 1.0;
				PRODUCT_BUNDLE_IDENTIFIER = com.studyBazel.helloLook.HelloLookIn;
				PRODUCT_NAME = "$(TARGET_NAME)";
				SWIFT_EMIT_LOC_STRINGS = YES;
				SWIFT_VERSION = 5.0;
				TARGETED_DEVICE_FAMILY = "1,2";
			};
			name = Debug;
		};
		52B6D3DF2A2CF72F006C6530 /* Release */ = {
			isa = XCBuildConfiguration;
			baseConfigurationReference = 15BD59FCA6EDA7ED68262593 /* Pods-HelloLookIn.release.xcconfig */;
			buildSettings = {
				ASSETCATALOG_COMPILER_APPICON_NAME = AppIcon;
				ASSETCATALOG_COMPILER_GLOBAL_ACCENT_COLOR_NAME = AccentColor;
				CODE_SIGN_STYLE = Automatic;
				CURRENT_PROJECT_VERSION = 1;
				GENERATE_INFOPLIST_FILE = YES;
				INFOPLIST_FILE = HelloLookIn/Info.plist;
				INFOPLIST_KEY_UIApplicationSupportsIndirectInputEvents = YES;
				INFOPLIST_KEY_UILaunchStoryboardName = LaunchScreen;
				INFOPLIST_KEY_UIMainStoryboardFile = Main;
				INFOPLIST_KEY_UISupportedInterfaceOrientations_iPad = "UIInterfaceOrientationPortrait UIInterfaceOrientationPortraitUpsideDown UIInterfaceOrientationLandscapeLeft UIInterfaceOrientationLandscapeRight";
				INFOPLIST_KEY_UISupportedInterfaceOrientations_iPhone = "UIInterfaceOrientationPortrait UIInterfaceOrientationLandscapeLeft UIInterfaceOrientationLandscapeRight";
				LD_RUNPATH_SEARCH_PATHS = (
					"$(inherited)",
					"@executable_path/Frameworks",
				);
				MARKETING_VERSION = 1.0;
				PRODUCT_BUNDLE_IDENTIFIER = com.studyBazel.helloLook.HelloLookIn;
				PRODUCT_NAME = "$(TARGET_NAME)";
				SWIFT_EMIT_LOC_STRINGS = YES;
				SWIFT_VERSION = 5.0;
				TARGETED_DEVICE_FAMILY = "1,2";
			};
			name = Release;
		};
		52B6D3E12A2CF72F006C6530 /* Debug */ = {
			isa = XCBuildConfiguration;
			baseConfigurationReference = 8F9C04590B5C4EE945C792E4 /* Pods-HelloLookInTests.debug.xcconfig */;
			buildSettings = {
				ALWAYS_EMBED_SWIFT_STANDARD_LIBRARIES = YES;
				BUNDLE_LOADER = "$(TEST_HOST)";
				CODE_SIGN_STYLE = Automatic;
				CURRENT_PROJECT_VERSION = 1;
				GENERATE_INFOPLIST_FILE = YES;
				IPHONEOS_DEPLOYMENT_TARGET = 16.4;
				MARKETING_VERSION = 1.0;
				PRODUCT_BUNDLE_IDENTIFIER = com.studyBazel.helloLook.HelloLookInTests;
				PRODUCT_NAME = "$(TARGET_NAME)";
				SWIFT_EMIT_LOC_STRINGS = NO;
				SWIFT_VERSION = 5.0;
				TARGETED_DEVICE_FAMILY = "1,2";
				TEST_HOST = "$(BUILT_PRODUCTS_DIR)/HelloLookIn.app/$(BUNDLE_EXECUTABLE_FOLDER_PATH)/HelloLookIn";
			};
			name = Debug;
		};
		52B6D3E22A2CF72F006C6530 /* Release */ = {
			isa = XCBuildConfiguration;
			baseConfigurationReference = CD7017230DC4A31BF2AF8F55 /* Pods-HelloLookInTests.release.xcconfig */;
			buildSettings = {
				ALWAYS_EMBED_SWIFT_STANDARD_LIBRARIES = YES;
				BUNDLE_LOADER = "$(TEST_HOST)";
				CODE_SIGN_STYLE = Automatic;
				CURRENT_PROJECT_VERSION = 1;
				GENERATE_INFOPLIST_FILE = YES;
				IPHONEOS_DEPLOYMENT_TARGET = 16.4;
				MARKETING_VERSION = 1.0;
				PRODUCT_BUNDLE_IDENTIFIER = com.studyBazel.helloLook.HelloLookInTests;
				PRODUCT_NAME = "$(TARGET_NAME)";
				SWIFT_EMIT_LOC_STRINGS = NO;
				SWIFT_VERSION = 5.0;
				TARGETED_DEVICE_FAMILY = "1,2";
				TEST_HOST = "$(BUILT_PRODUCTS_DIR)/HelloLookIn.app/$(BUNDLE_EXECUTABLE_FOLDER_PATH)/HelloLookIn";
			};
			name = Release;
		};
		52B6D3E42A2CF72F006C6530 /* Debug */ = {
			isa = XCBuildConfiguration;
			baseConfigurationReference = 362DCCA639F51DC48880B487 /* Pods-HelloLookIn-HelloLookInUITests.debug.xcconfig */;
			buildSettings = {
				ALWAYS_EMBED_SWIFT_STANDARD_LIBRARIES = YES;
				CODE_SIGN_STYLE = Automatic;
				CURRENT_PROJECT_VERSION = 1;
				GENERATE_INFOPLIST_FILE = YES;
				MARKETING_VERSION = 1.0;
				PRODUCT_BUNDLE_IDENTIFIER = com.studyBazel.helloLook.HelloLookInUITests;
				PRODUCT_NAME = "$(TARGET_NAME)";
				SWIFT_EMIT_LOC_STRINGS = NO;
				SWIFT_VERSION = 5.0;
				TARGETED_DEVICE_FAMILY = "1,2";
				TEST_TARGET_NAME = HelloLookIn;
			};
			name = Debug;
		};
		52B6D3E52A2CF72F006C6530 /* Release */ = {
			isa = XCBuildConfiguration;
			baseConfigurationReference = 38E672115E983DCDBB72C993 /* Pods-HelloLookIn-HelloLookInUITests.release.xcconfig */;
			buildSettings = {
				ALWAYS_EMBED_SWIFT_STANDARD_LIBRARIES = YES;
				CODE_SIGN_STYLE = Automatic;
				CURRENT_PROJECT_VERSION = 1;
				GENERATE_INFOPLIST_FILE = YES;
				MARKETING_VERSION = 1.0;
				PRODUCT_BUNDLE_IDENTIFIER = com.studyBazel.helloLook.HelloLookInUITests;
				PRODUCT_NAME = "$(TARGET_NAME)";
				SWIFT_EMIT_LOC_STRINGS = NO;
				SWIFT_VERSION = 5.0;
				TARGETED_DEVICE_FAMILY = "1,2";
				TEST_TARGET_NAME = HelloLookIn;
			};
			name = Release;
		};
/* End XCBuildConfiguration section */

/* Begin XCConfigurationList section */
		52B6D3AE2A2CF72C006C6530 /* Build configuration list for PBXProject "HelloLookIn" */ = {
			isa = XCConfigurationList;
			buildConfigurations = (
				52B6D3DB2A2CF72F006C6530 /* Debug */,
				52B6D3DC2A2CF72F006C6530 /* Release */,
			);
			defaultConfigurationIsVisible = 0;
			defaultConfigurationName = Release;
		};
		52B6D3DD2A2CF72F006C6530 /* Build configuration list for PBXNativeTarget "HelloLookIn" */ = {
			isa = XCConfigurationList;
			buildConfigurations = (
				52B6D3DE2A2CF72F006C6530 /* Debug */,
				52B6D3DF2A2CF72F006C6530 /* Release */,
			);
			defaultConfigurationIsVisible = 0;
			defaultConfigurationName = Release;
		};
		52B6D3E02A2CF72F006C6530 /* Build configuration list for PBXNativeTarget "HelloLookInTests" */ = {
			isa = XCConfigurationList;
			buildConfigurations = (
				52B6D3E12A2CF72F006C6530 /* Debug */,
				52B6D3E22A2CF72F006C6530 /* Release */,
			);
			defaultConfigurationIsVisible = 0;
			defaultConfigurationName = Release;
		};
		52B6D3E32A2CF72F006C6530 /* Build configuration list for PBXNativeTarget "HelloLookInUITests" */ = {
			isa = XCConfigurationList;
			buildConfigurations = (
				52B6D3E42A2CF72F006C6530 /* Debug */,
				52B6D3E52A2CF72F006C6530 /* Release */,
			);
			defaultConfigurationIsVisible = 0;
			defaultConfigurationName = Release;
		};
/* End XCConfigurationList section */
	};
	rootObject = 52B6D3AB2A2CF72C006C6530 /* Project object */;
}
